// !$*UTF8*$!
{
	archiveVersion = 1;
	classes = {
	};
	objectVersion = 55;
	objects = {

/* Begin PBXBuildFile section */
		1FC1077028D498F000114AE7 /* RecordingsList.swift in Sources */ = {isa = PBXBuildFile; fileRef = 1FC1076F28D498F000114AE7 /* RecordingsList.swift */; };
		1FC1077228D8395500114AE7 /* Extensions.swift in Sources */ = {isa = PBXBuildFile; fileRef = 1FC1077128D8395500114AE7 /* Extensions.swift */; };
		1FC1077428D89D1300114AE7 /* RecordingDataModel.swift in Sources */ = {isa = PBXBuildFile; fileRef = 1FC1077328D89D1300114AE7 /* RecordingDataModel.swift */; };
		1FC1077628D8ABE300114AE7 /* Helper.swift in Sources */ = {isa = PBXBuildFile; fileRef = 1FC1077528D8ABE300114AE7 /* Helper.swift */; };
		1FC1077828D9DAFB00114AE7 /* AudioPlayer.swift in Sources */ = {isa = PBXBuildFile; fileRef = 1FC1077728D9DAFB00114AE7 /* AudioPlayer.swift */; };
		1FFD4E0A28CA069D00D3D3C6 /* allVoicesApp.swift in Sources */ = {isa = PBXBuildFile; fileRef = 1FFD4E0928CA069D00D3D3C6 /* allVoicesApp.swift */; };
		1FFD4E0C28CA069D00D3D3C6 /* ContentView.swift in Sources */ = {isa = PBXBuildFile; fileRef = 1FFD4E0B28CA069D00D3D3C6 /* ContentView.swift */; };
		1FFD4E0E28CA069E00D3D3C6 /* Assets.xcassets in Resources */ = {isa = PBXBuildFile; fileRef = 1FFD4E0D28CA069E00D3D3C6 /* Assets.xcassets */; };
		1FFD4E1128CA069E00D3D3C6 /* Preview Assets.xcassets in Resources */ = {isa = PBXBuildFile; fileRef = 1FFD4E1028CA069E00D3D3C6 /* Preview Assets.xcassets */; };
		1FFD4E1328CA069E00D3D3C6 /* Persistence.swift in Sources */ = {isa = PBXBuildFile; fileRef = 1FFD4E1228CA069E00D3D3C6 /* Persistence.swift */; };
		1FFD4E1628CA069E00D3D3C6 /* allVoices.xcdatamodeld in Sources */ = {isa = PBXBuildFile; fileRef = 1FFD4E1428CA069E00D3D3C6 /* allVoices.xcdatamodeld */; };
		1FFD4E2028CA069E00D3D3C6 /* allVoicesTests.swift in Sources */ = {isa = PBXBuildFile; fileRef = 1FFD4E1F28CA069E00D3D3C6 /* allVoicesTests.swift */; };
		1FFD4E2A28CA069E00D3D3C6 /* allVoicesUITests.swift in Sources */ = {isa = PBXBuildFile; fileRef = 1FFD4E2928CA069E00D3D3C6 /* allVoicesUITests.swift */; };
		1FFD4E2C28CA069E00D3D3C6 /* allVoicesUITestsLaunchTests.swift in Sources */ = {isa = PBXBuildFile; fileRef = 1FFD4E2B28CA069E00D3D3C6 /* allVoicesUITestsLaunchTests.swift */; };
		1FFD4E3928CA162D00D3D3C6 /* AudioRecorder.swift in Sources */ = {isa = PBXBuildFile; fileRef = 1FFD4E3828CA162D00D3D3C6 /* AudioRecorder.swift */; };
/* End PBXBuildFile section */

/* Begin PBXContainerItemProxy section */
		1FFD4E1C28CA069E00D3D3C6 /* PBXContainerItemProxy */ = {
			isa = PBXContainerItemProxy;
			containerPortal = 1FFD4DFE28CA069D00D3D3C6 /* Project object */;
			proxyType = 1;
			remoteGlobalIDString = 1FFD4E0528CA069D00D3D3C6;
			remoteInfo = allVoices;
		};
		1FFD4E2628CA069E00D3D3C6 /* PBXContainerItemProxy */ = {
			isa = PBXContainerItemProxy;
			containerPortal = 1FFD4DFE28CA069D00D3D3C6 /* Project object */;
			proxyType = 1;
			remoteGlobalIDString = 1FFD4E0528CA069D00D3D3C6;
			remoteInfo = allVoices;
		};
/* End PBXContainerItemProxy section */

/* Begin PBXFileReference section */
		1FC1076F28D498F000114AE7 /* RecordingsList.swift */ = {isa = PBXFileReference; lastKnownFileType = sourcecode.swift; path = RecordingsList.swift; sourceTree = "<group>"; };
		1FC1077128D8395500114AE7 /* Extensions.swift */ = {isa = PBXFileReference; lastKnownFileType = sourcecode.swift; path = Extensions.swift; sourceTree = "<group>"; };
		1FC1077328D89D1300114AE7 /* RecordingDataModel.swift */ = {isa = PBXFileReference; lastKnownFileType = sourcecode.swift; path = RecordingDataModel.swift; sourceTree = "<group>"; };
		1FC1077528D8ABE300114AE7 /* Helper.swift */ = {isa = PBXFileReference; lastKnownFileType = sourcecode.swift; path = Helper.swift; sourceTree = "<group>"; };
		1FC1077728D9DAFB00114AE7 /* AudioPlayer.swift */ = {isa = PBXFileReference; lastKnownFileType = sourcecode.swift; path = AudioPlayer.swift; sourceTree = "<group>"; };
		1FFD4E0628CA069D00D3D3C6 /* allVoices.app */ = {isa = PBXFileReference; explicitFileType = wrapper.application; includeInIndex = 0; path = allVoices.app; sourceTree = BUILT_PRODUCTS_DIR; };
		1FFD4E0928CA069D00D3D3C6 /* allVoicesApp.swift */ = {isa = PBXFileReference; lastKnownFileType = sourcecode.swift; path = allVoicesApp.swift; sourceTree = "<group>"; };
		1FFD4E0B28CA069D00D3D3C6 /* ContentView.swift */ = {isa = PBXFileReference; lastKnownFileType = sourcecode.swift; path = ContentView.swift; sourceTree = "<group>"; };
		1FFD4E0D28CA069E00D3D3C6 /* Assets.xcassets */ = {isa = PBXFileReference; lastKnownFileType = folder.assetcatalog; path = Assets.xcassets; sourceTree = "<group>"; };
		1FFD4E1028CA069E00D3D3C6 /* Preview Assets.xcassets */ = {isa = PBXFileReference; lastKnownFileType = folder.assetcatalog; path = "Preview Assets.xcassets"; sourceTree = "<group>"; };
		1FFD4E1228CA069E00D3D3C6 /* Persistence.swift */ = {isa = PBXFileReference; lastKnownFileType = sourcecode.swift; path = Persistence.swift; sourceTree = "<group>"; };
		1FFD4E1528CA069E00D3D3C6 /* allVoices.xcdatamodel */ = {isa = PBXFileReference; lastKnownFileType = wrapper.xcdatamodel; path = allVoices.xcdatamodel; sourceTree = "<group>"; };
		1FFD4E1B28CA069E00D3D3C6 /* allVoicesTests.xctest */ = {isa = PBXFileReference; explicitFileType = wrapper.cfbundle; includeInIndex = 0; path = allVoicesTests.xctest; sourceTree = BUILT_PRODUCTS_DIR; };
		1FFD4E1F28CA069E00D3D3C6 /* allVoicesTests.swift */ = {isa = PBXFileReference; lastKnownFileType = sourcecode.swift; path = allVoicesTests.swift; sourceTree = "<group>"; };
		1FFD4E2528CA069E00D3D3C6 /* allVoicesUITests.xctest */ = {isa = PBXFileReference; explicitFileType = wrapper.cfbundle; includeInIndex = 0; path = allVoicesUITests.xctest; sourceTree = BUILT_PRODUCTS_DIR; };
		1FFD4E2928CA069E00D3D3C6 /* allVoicesUITests.swift */ = {isa = PBXFileReference; lastKnownFileType = sourcecode.swift; path = allVoicesUITests.swift; sourceTree = "<group>"; };
		1FFD4E2B28CA069E00D3D3C6 /* allVoicesUITestsLaunchTests.swift */ = {isa = PBXFileReference; lastKnownFileType = sourcecode.swift; path = allVoicesUITestsLaunchTests.swift; sourceTree = "<group>"; };
		1FFD4E3828CA162D00D3D3C6 /* AudioRecorder.swift */ = {isa = PBXFileReference; lastKnownFileType = sourcecode.swift; path = AudioRecorder.swift; sourceTree = "<group>"; };
/* End PBXFileReference section */

/* Begin PBXFrameworksBuildPhase section */
		1FFD4E0328CA069D00D3D3C6 /* Frameworks */ = {
			isa = PBXFrameworksBuildPhase;
			buildActionMask = 2147483647;
			files = (
			);
			runOnlyForDeploymentPostprocessing = 0;
		};
		1FFD4E1828CA069E00D3D3C6 /* Frameworks */ = {
			isa = PBXFrameworksBuildPhase;
			buildActionMask = 2147483647;
			files = (
			);
			runOnlyForDeploymentPostprocessing = 0;
		};
		1FFD4E2228CA069E00D3D3C6 /* Frameworks */ = {
			isa = PBXFrameworksBuildPhase;
			buildActionMask = 2147483647;
			files = (
			);
			runOnlyForDeploymentPostprocessing = 0;
		};
/* End PBXFrameworksBuildPhase section */

/* Begin PBXGroup section */
		1FFD4DFD28CA069D00D3D3C6 = {
			isa = PBXGroup;
			children = (
				1FFD4E0828CA069D00D3D3C6 /* allVoices */,
				1FFD4E1E28CA069E00D3D3C6 /* allVoicesTests */,
				1FFD4E2828CA069E00D3D3C6 /* allVoicesUITests */,
				1FFD4E0728CA069D00D3D3C6 /* Products */,
			);
			sourceTree = "<group>";
		};
		1FFD4E0728CA069D00D3D3C6 /* Products */ = {
			isa = PBXGroup;
			children = (
				1FFD4E0628CA069D00D3D3C6 /* allVoices.app */,
				1FFD4E1B28CA069E00D3D3C6 /* allVoicesTests.xctest */,
				1FFD4E2528CA069E00D3D3C6 /* allVoicesUITests.xctest */,
			);
			name = Products;
			sourceTree = "<group>";
		};
		1FFD4E0828CA069D00D3D3C6 /* allVoices */ = {
			isa = PBXGroup;
			children = (
				1FC1077528D8ABE300114AE7 /* Helper.swift */,
				1FFD4E0928CA069D00D3D3C6 /* allVoicesApp.swift */,
				1FFD4E0B28CA069D00D3D3C6 /* ContentView.swift */,
				1FFD4E0D28CA069E00D3D3C6 /* Assets.xcassets */,
				1FFD4E1228CA069E00D3D3C6 /* Persistence.swift */,
				1FFD4E1428CA069E00D3D3C6 /* allVoices.xcdatamodeld */,
				1FFD4E3828CA162D00D3D3C6 /* AudioRecorder.swift */,
				1FC1077728D9DAFB00114AE7 /* AudioPlayer.swift */,
				1FC1077328D89D1300114AE7 /* RecordingDataModel.swift */,
				1FC1076F28D498F000114AE7 /* RecordingsList.swift */,
				1FC1077128D8395500114AE7 /* Extensions.swift */,
				1FFD4E0F28CA069E00D3D3C6 /* Preview Content */,
			);
			path = allVoices;
			sourceTree = "<group>";
		};
		1FFD4E0F28CA069E00D3D3C6 /* Preview Content */ = {
			isa = PBXGroup;
			children = (
				1FFD4E1028CA069E00D3D3C6 /* Preview Assets.xcassets */,
			);
			path = "Preview Content";
			sourceTree = "<group>";
		};
		1FFD4E1E28CA069E00D3D3C6 /* allVoicesTests */ = {
			isa = PBXGroup;
			children = (
				1FFD4E1F28CA069E00D3D3C6 /* allVoicesTests.swift */,
			);
			path = allVoicesTests;
			sourceTree = "<group>";
		};
		1FFD4E2828CA069E00D3D3C6 /* allVoicesUITests */ = {
			isa = PBXGroup;
			children = (
				1FFD4E2928CA069E00D3D3C6 /* allVoicesUITests.swift */,
				1FFD4E2B28CA069E00D3D3C6 /* allVoicesUITestsLaunchTests.swift */,
			);
			path = allVoicesUITests;
			sourceTree = "<group>";
		};
/* End PBXGroup section */

/* Begin PBXNativeTarget section */
		1FFD4E0528CA069D00D3D3C6 /* allVoices */ = {
			isa = PBXNativeTarget;
			buildConfigurationList = 1FFD4E2F28CA069E00D3D3C6 /* Build configuration list for PBXNativeTarget "allVoices" */;
			buildPhases = (
				1FFD4E0228CA069D00D3D3C6 /* Sources */,
				1FFD4E0328CA069D00D3D3C6 /* Frameworks */,
				1FFD4E0428CA069D00D3D3C6 /* Resources */,
			);
			buildRules = (
			);
			dependencies = (
			);
			name = allVoices;
			productName = allVoices;
			productReference = 1FFD4E0628CA069D00D3D3C6 /* allVoices.app */;
			productType = "com.apple.product-type.application";
		};
		1FFD4E1A28CA069E00D3D3C6 /* allVoicesTests */ = {
			isa = PBXNativeTarget;
			buildConfigurationList = 1FFD4E3228CA069E00D3D3C6 /* Build configuration list for PBXNativeTarget "allVoicesTests" */;
			buildPhases = (
				1FFD4E1728CA069E00D3D3C6 /* Sources */,
				1FFD4E1828CA069E00D3D3C6 /* Frameworks */,
				1FFD4E1928CA069E00D3D3C6 /* Resources */,
			);
			buildRules = (
			);
			dependencies = (
				1FFD4E1D28CA069E00D3D3C6 /* PBXTargetDependency */,
			);
			name = allVoicesTests;
			productName = allVoicesTests;
			productReference = 1FFD4E1B28CA069E00D3D3C6 /* allVoicesTests.xctest */;
			productType = "com.apple.product-type.bundle.unit-test";
		};
		1FFD4E2428CA069E00D3D3C6 /* allVoicesUITests */ = {
			isa = PBXNativeTarget;
			buildConfigurationList = 1FFD4E3528CA069E00D3D3C6 /* Build configuration list for PBXNativeTarget "allVoicesUITests" */;
			buildPhases = (
				1FFD4E2128CA069E00D3D3C6 /* Sources */,
				1FFD4E2228CA069E00D3D3C6 /* Frameworks */,
				1FFD4E2328CA069E00D3D3C6 /* Resources */,
			);
			buildRules = (
			);
			dependencies = (
				1FFD4E2728CA069E00D3D3C6 /* PBXTargetDependency */,
			);
			name = allVoicesUITests;
			productName = allVoicesUITests;
			productReference = 1FFD4E2528CA069E00D3D3C6 /* allVoicesUITests.xctest */;
			productType = "com.apple.product-type.bundle.ui-testing";
		};
/* End PBXNativeTarget section */

/* Begin PBXProject section */
		1FFD4DFE28CA069D00D3D3C6 /* Project object */ = {
			isa = PBXProject;
			attributes = {
				BuildIndependentTargetsInParallel = 1;
				LastSwiftUpdateCheck = 1340;
				LastUpgradeCheck = 1340;
				TargetAttributes = {
					1FFD4E0528CA069D00D3D3C6 = {
						CreatedOnToolsVersion = 13.4.1;
					};
					1FFD4E1A28CA069E00D3D3C6 = {
						CreatedOnToolsVersion = 13.4.1;
						TestTargetID = 1FFD4E0528CA069D00D3D3C6;
					};
					1FFD4E2428CA069E00D3D3C6 = {
						CreatedOnToolsVersion = 13.4.1;
						TestTargetID = 1FFD4E0528CA069D00D3D3C6;
					};
				};
			};
			buildConfigurationList = 1FFD4E0128CA069D00D3D3C6 /* Build configuration list for PBXProject "allVoices" */;
			compatibilityVersion = "Xcode 13.0";
			developmentRegion = en;
			hasScannedForEncodings = 0;
			knownRegions = (
				en,
				Base,
			);
			mainGroup = 1FFD4DFD28CA069D00D3D3C6;
			productRefGroup = 1FFD4E0728CA069D00D3D3C6 /* Products */;
			projectDirPath = "";
			projectRoot = "";
			targets = (
				1FFD4E0528CA069D00D3D3C6 /* allVoices */,
				1FFD4E1A28CA069E00D3D3C6 /* allVoicesTests */,
				1FFD4E2428CA069E00D3D3C6 /* allVoicesUITests */,
			);
		};
/* End PBXProject section */

/* Begin PBXResourcesBuildPhase section */
		1FFD4E0428CA069D00D3D3C6 /* Resources */ = {
			isa = PBXResourcesBuildPhase;
			buildActionMask = 2147483647;
			files = (
				1FFD4E1128CA069E00D3D3C6 /* Preview Assets.xcassets in Resources */,
				1FFD4E0E28CA069E00D3D3C6 /* Assets.xcassets in Resources */,
			);
			runOnlyForDeploymentPostprocessing = 0;
		};
		1FFD4E1928CA069E00D3D3C6 /* Resources */ = {
			isa = PBXResourcesBuildPhase;
			buildActionMask = 2147483647;
			files = (
			);
			runOnlyForDeploymentPostprocessing = 0;
		};
		1FFD4E2328CA069E00D3D3C6 /* Resources */ = {
			isa = PBXResourcesBuildPhase;
			buildActionMask = 2147483647;
			files = (
			);
			runOnlyForDeploymentPostprocessing = 0;
		};
/* End PBXResourcesBuildPhase section */

/* Begin PBXSourcesBuildPhase section */
		1FFD4E0228CA069D00D3D3C6 /* Sources */ = {
			isa = PBXSourcesBuildPhase;
			buildActionMask = 2147483647;
			files = (
				1FFD4E1628CA069E00D3D3C6 /* allVoices.xcdatamodeld in Sources */,
				1FFD4E1328CA069E00D3D3C6 /* Persistence.swift in Sources */,
				1FFD4E0C28CA069D00D3D3C6 /* ContentView.swift in Sources */,
				1FC1077428D89D1300114AE7 /* RecordingDataModel.swift in Sources */,
				1FC1077028D498F000114AE7 /* RecordingsList.swift in Sources */,
				1FC1077628D8ABE300114AE7 /* Helper.swift in Sources */,
				1FFD4E0A28CA069D00D3D3C6 /* allVoicesApp.swift in Sources */,
				1FC1077828D9DAFB00114AE7 /* AudioPlayer.swift in Sources */,
				1FFD4E3928CA162D00D3D3C6 /* AudioRecorder.swift in Sources */,
				1FC1077228D8395500114AE7 /* Extensions.swift in Sources */,
			);
			runOnlyForDeploymentPostprocessing = 0;
		};
		1FFD4E1728CA069E00D3D3C6 /* Sources */ = {
			isa = PBXSourcesBuildPhase;
			buildActionMask = 2147483647;
			files = (
				1FFD4E2028CA069E00D3D3C6 /* allVoicesTests.swift in Sources */,
			);
			runOnlyForDeploymentPostprocessing = 0;
		};
		1FFD4E2128CA069E00D3D3C6 /* Sources */ = {
			isa = PBXSourcesBuildPhase;
			buildActionMask = 2147483647;
			files = (
				1FFD4E2A28CA069E00D3D3C6 /* allVoicesUITests.swift in Sources */,
				1FFD4E2C28CA069E00D3D3C6 /* allVoicesUITestsLaunchTests.swift in Sources */,
			);
			runOnlyForDeploymentPostprocessing = 0;
		};
/* End PBXSourcesBuildPhase section */

/* Begin PBXTargetDependency section */
		1FFD4E1D28CA069E00D3D3C6 /* PBXTargetDependency */ = {
			isa = PBXTargetDependency;
			target = 1FFD4E0528CA069D00D3D3C6 /* allVoices */;
			targetProxy = 1FFD4E1C28CA069E00D3D3C6 /* PBXContainerItemProxy */;
		};
		1FFD4E2728CA069E00D3D3C6 /* PBXTargetDependency */ = {
			isa = PBXTargetDependency;
			target = 1FFD4E0528CA069D00D3D3C6 /* allVoices */;
			targetProxy = 1FFD4E2628CA069E00D3D3C6 /* PBXContainerItemProxy */;
		};
/* End PBXTargetDependency section */

/* Begin XCBuildConfiguration section */
		1FFD4E2D28CA069E00D3D3C6 /* Debug */ = {
			isa = XCBuildConfiguration;
			buildSettings = {
				ALWAYS_SEARCH_USER_PATHS = NO;
				CLANG_ANALYZER_NONNULL = YES;
				CLANG_ANALYZER_NUMBER_OBJECT_CONVERSION = YES_AGGRESSIVE;
				CLANG_CXX_LANGUAGE_STANDARD = "gnu++17";
				CLANG_ENABLE_MODULES = YES;
				CLANG_ENABLE_OBJC_ARC = YES;
				CLANG_ENABLE_OBJC_WEAK = YES;
				CLANG_WARN_BLOCK_CAPTURE_AUTORELEASING = YES;
				CLANG_WARN_BOOL_CONVERSION = YES;
				CLANG_WARN_COMMA = YES;
				CLANG_WARN_CONSTANT_CONVERSION = YES;
				CLANG_WARN_DEPRECATED_OBJC_IMPLEMENTATIONS = YES;
				CLANG_WARN_DIRECT_OBJC_ISA_USAGE = YES_ERROR;
				CLANG_WARN_DOCUMENTATION_COMMENTS = YES;
				CLANG_WARN_EMPTY_BODY = YES;
				CLANG_WARN_ENUM_CONVERSION = YES;
				CLANG_WARN_INFINITE_RECURSION = YES;
				CLANG_WARN_INT_CONVERSION = YES;
				CLANG_WARN_NON_LITERAL_NULL_CONVERSION = YES;
				CLANG_WARN_OBJC_IMPLICIT_RETAIN_SELF = YES;
				CLANG_WARN_OBJC_LITERAL_CONVERSION = YES;
				CLANG_WARN_OBJC_ROOT_CLASS = YES_ERROR;
				CLANG_WARN_QUOTED_INCLUDE_IN_FRAMEWORK_HEADER = YES;
				CLANG_WARN_RANGE_LOOP_ANALYSIS = YES;
				CLANG_WARN_STRICT_PROTOTYPES = YES;
				CLANG_WARN_SUSPICIOUS_MOVE = YES;
				CLANG_WARN_UNGUARDED_AVAILABILITY = YES_AGGRESSIVE;
				CLANG_WARN_UNREACHABLE_CODE = YES;
				CLANG_WARN__DUPLICATE_METHOD_MATCH = YES;
				COPY_PHASE_STRIP = NO;
				DEBUG_INFORMATION_FORMAT = dwarf;
				ENABLE_STRICT_OBJC_MSGSEND = YES;
				ENABLE_TESTABILITY = YES;
				GCC_C_LANGUAGE_STANDARD = gnu11;
				GCC_DYNAMIC_NO_PIC = NO;
				GCC_NO_COMMON_BLOCKS = YES;
				GCC_OPTIMIZATION_LEVEL = 0;
				GCC_PREPROCESSOR_DEFINITIONS = (
					"DEBUG=1",
					"$(inherited)",
				);
				GCC_WARN_64_TO_32_BIT_CONVERSION = YES;
				GCC_WARN_ABOUT_RETURN_TYPE = YES_ERROR;
				GCC_WARN_UNDECLARED_SELECTOR = YES;
				GCC_WARN_UNINITIALIZED_AUTOS = YES_AGGRESSIVE;
				GCC_WARN_UNUSED_FUNCTION = YES;
				GCC_WARN_UNUSED_VARIABLE = YES;
				IPHONEOS_DEPLOYMENT_TARGET = 15.5;
				MTL_ENABLE_DEBUG_INFO = INCLUDE_SOURCE;
				MTL_FAST_MATH = YES;
				ONLY_ACTIVE_ARCH = YES;
				SDKROOT = iphoneos;
				SWIFT_ACTIVE_COMPILATION_CONDITIONS = DEBUG;
				SWIFT_OPTIMIZATION_LEVEL = "-Onone";
			};
			name = Debug;
		};
		1FFD4E2E28CA069E00D3D3C6 /* Release */ = {
			isa = XCBuildConfiguration;
			buildSettings = {
				ALWAYS_SEARCH_USER_PATHS = NO;
				CLANG_ANALYZER_NONNULL = YES;
				CLANG_ANALYZER_NUMBER_OBJECT_CONVERSION = YES_AGGRESSIVE;
				CLANG_CXX_LANGUAGE_STANDARD = "gnu++17";
				CLANG_ENABLE_MODULES = YES;
				CLANG_ENABLE_OBJC_ARC = YES;
				CLANG_ENABLE_OBJC_WEAK = YES;
				CLANG_WARN_BLOCK_CAPTURE_AUTORELEASING = YES;
				CLANG_WARN_BOOL_CONVERSION = YES;
				CLANG_WARN_COMMA = YES;
				CLANG_WARN_CONSTANT_CONVERSION = YES;
				CLANG_WARN_DEPRECATED_OBJC_IMPLEMENTATIONS = YES;
				CLANG_WARN_DIRECT_OBJC_ISA_USAGE = YES_ERROR;
				CLANG_WARN_DOCUMENTATION_COMMENTS = YES;
				CLANG_WARN_EMPTY_BODY = YES;
				CLANG_WARN_ENUM_CONVERSION = YES;
				CLANG_WARN_INFINITE_RECURSION = YES;
				CLANG_WARN_INT_CONVERSION = YES;
				CLANG_WARN_NON_LITERAL_NULL_CONVERSION = YES;
				CLANG_WARN_OBJC_IMPLICIT_RETAIN_SELF = YES;
				CLANG_WARN_OBJC_LITERAL_CONVERSION = YES;
				CLANG_WARN_OBJC_ROOT_CLASS = YES_ERROR;
				CLANG_WARN_QUOTED_INCLUDE_IN_FRAMEWORK_HEADER = YES;
				CLANG_WARN_RANGE_LOOP_ANALYSIS = YES;
				CLANG_WARN_STRICT_PROTOTYPES = YES;
				CLANG_WARN_SUSPICIOUS_MOVE = YES;
				CLANG_WARN_UNGUARDED_AVAILABILITY = YES_AGGRESSIVE;
				CLANG_WARN_UNREACHABLE_CODE = YES;
				CLANG_WARN__DUPLICATE_METHOD_MATCH = YES;
				COPY_PHASE_STRIP = NO;
				DEBUG_INFORMATION_FORMAT = "dwarf-with-dsym";
				ENABLE_NS_ASSERTIONS = NO;
				ENABLE_STRICT_OBJC_MSGSEND = YES;
				GCC_C_LANGUAGE_STANDARD = gnu11;
				GCC_NO_COMMON_BLOCKS = YES;
				GCC_WARN_64_TO_32_BIT_CONVERSION = YES;
				GCC_WARN_ABOUT_RETURN_TYPE = YES_ERROR;
				GCC_WARN_UNDECLARED_SELECTOR = YES;
				GCC_WARN_UNINITIALIZED_AUTOS = YES_AGGRESSIVE;
				GCC_WARN_UNUSED_FUNCTION = YES;
				GCC_WARN_UNUSED_VARIABLE = YES;
				IPHONEOS_DEPLOYMENT_TARGET = 15.5;
				MTL_ENABLE_DEBUG_INFO = NO;
				MTL_FAST_MATH = YES;
				SDKROOT = iphoneos;
				SWIFT_COMPILATION_MODE = wholemodule;
				SWIFT_OPTIMIZATION_LEVEL = "-O";
				VALIDATE_PRODUCT = YES;
			};
			name = Release;
		};
		1FFD4E3028CA069E00D3D3C6 /* Debug */ = {
			isa = XCBuildConfiguration;
			buildSettings = {
				ASSETCATALOG_COMPILER_APPICON_NAME = AppIcon;
				ASSETCATALOG_COMPILER_GLOBAL_ACCENT_COLOR_NAME = AccentColor;
				CODE_SIGN_STYLE = Automatic;
				CURRENT_PROJECT_VERSION = 1;
				DEVELOPMENT_ASSET_PATHS = "\"allVoices/Preview Content\"";
				DEVELOPMENT_TEAM = 3J9U64265Y;
				ENABLE_PREVIEWS = YES;
				GENERATE_INFOPLIST_FILE = YES;
				INFOPLIST_KEY_NSMicrophoneUsageDescription = "";
				INFOPLIST_KEY_UIApplicationSceneManifest_Generation = YES;
				INFOPLIST_KEY_UIApplicationSupportsIndirectInputEvents = YES;
				INFOPLIST_KEY_UILaunchScreen_Generation = YES;
				INFOPLIST_KEY_UISupportedInterfaceOrientations_iPad = "UIInterfaceOrientationPortrait UIInterfaceOrientationPortraitUpsideDown UIInterfaceOrientationLandscapeLeft UIInterfaceOrientationLandscapeRight";
				INFOPLIST_KEY_UISupportedInterfaceOrientations_iPhone = "UIInterfaceOrientationPortrait UIInterfaceOrientationLandscapeLeft UIInterfaceOrientationLandscapeRight";
				LD_RUNPATH_SEARCH_PATHS = (
					"$(inherited)",
					"@executable_path/Frameworks",
				);
				MARKETING_VERSION = 1.0;
				PRODUCT_BUNDLE_IDENTIFIER = dev.alexcode.allVoices;
				PRODUCT_NAME = "$(TARGET_NAME)";
				SWIFT_EMIT_LOC_STRINGS = YES;
				SWIFT_VERSION = 5.0;
				TARGETED_DEVICE_FAMILY = "1,2";
			};
			name = Debug;
		};
		1FFD4E3128CA069E00D3D3C6 /* Release */ = {
			isa = XCBuildConfiguration;
			buildSettings = {
				ASSETCATALOG_COMPILER_APPICON_NAME = AppIcon;
				ASSETCATALOG_COMPILER_GLOBAL_ACCENT_COLOR_NAME = AccentColor;
				CODE_SIGN_STYLE = Automatic;
				CURRENT_PROJECT_VERSION = 1;
				DEVELOPMENT_ASSET_PATHS = "\"allVoices/Preview Content\"";
				DEVELOPMENT_TEAM = 3J9U64265Y;
				ENABLE_PREVIEWS = YES;
				GENERATE_INFOPLIST_FILE = YES;
				INFOPLIST_KEY_NSMicrophoneUsageDescription = "";
				INFOPLIST_KEY_UIApplicationSceneManifest_Generation = YES;
				INFOPLIST_KEY_UIApplicationSupportsIndirectInputEvents = YES;
				INFOPLIST_KEY_UILaunchScreen_Generation = YES;
				INFOPLIST_KEY_UISupportedInterfaceOrientations_iPad = "UIInterfaceOrientationPortrait UIInterfaceOrientationPortraitUpsideDown UIInterfaceOrientationLandscapeLeft UIInterfaceOrientationLandscapeRight";
				INFOPLIST_KEY_UISupportedInterfaceOrientations_iPhone = "UIInterfaceOrientationPortrait UIInterfaceOrientationLandscapeLeft UIInterfaceOrientationLandscapeRight";
				LD_RUNPATH_SEARCH_PATHS = (
					"$(inherited)",
					"@executable_path/Frameworks",
				);
				MARKETING_VERSION = 1.0;
				PRODUCT_BUNDLE_IDENTIFIER = dev.alexcode.allVoices;
				PRODUCT_NAME = "$(TARGET_NAME)";
				SWIFT_EMIT_LOC_STRINGS = YES;
				SWIFT_VERSION = 5.0;
				TARGETED_DEVICE_FAMILY = "1,2";
			};
			name = Release;
		};
		1FFD4E3328CA069E00D3D3C6 /* Debug */ = {
			isa = XCBuildConfiguration;
			buildSettings = {
				ALWAYS_EMBED_SWIFT_STANDARD_LIBRARIES = YES;
				BUNDLE_LOADER = "$(TEST_HOST)";
				CODE_SIGN_STYLE = Automatic;
				CURRENT_PROJECT_VERSION = 1;
				DEVELOPMENT_TEAM = 3J9U64265Y;
				GENERATE_INFOPLIST_FILE = YES;
				IPHONEOS_DEPLOYMENT_TARGET = 15.5;
				MARKETING_VERSION = 1.0;
				PRODUCT_BUNDLE_IDENTIFIER = dev.alexcode.allVoicesTests;
				PRODUCT_NAME = "$(TARGET_NAME)";
				SWIFT_EMIT_LOC_STRINGS = NO;
				SWIFT_VERSION = 5.0;
				TARGETED_DEVICE_FAMILY = "1,2";
				TEST_HOST = "$(BUILT_PRODUCTS_DIR)/allVoices.app/allVoices";
			};
			name = Debug;
		};
		1FFD4E3428CA069E00D3D3C6 /* Release */ = {
			isa = XCBuildConfiguration;
			buildSettings = {
				ALWAYS_EMBED_SWIFT_STANDARD_LIBRARIES = YES;
				BUNDLE_LOADER = "$(TEST_HOST)";
				CODE_SIGN_STYLE = Automatic;
				CURRENT_PROJECT_VERSION = 1;
				DEVELOPMENT_TEAM = 3J9U64265Y;
				GENERATE_INFOPLIST_FILE = YES;
				IPHONEOS_DEPLOYMENT_TARGET = 15.5;
				MARKETING_VERSION = 1.0;
				PRODUCT_BUNDLE_IDENTIFIER = dev.alexcode.allVoicesTests;
				PRODUCT_NAME = "$(TARGET_NAME)";
				SWIFT_EMIT_LOC_STRINGS = NO;
				SWIFT_VERSION = 5.0;
				TARGETED_DEVICE_FAMILY = "1,2";
				TEST_HOST = "$(BUILT_PRODUCTS_DIR)/allVoices.app/allVoices";
			};
			name = Release;
		};
		1FFD4E3628CA069E00D3D3C6 /* Debug */ = {
			isa = XCBuildConfiguration;
			buildSettings = {
				ALWAYS_EMBED_SWIFT_STANDARD_LIBRARIES = YES;
				CODE_SIGN_STYLE = Automatic;
				CURRENT_PROJECT_VERSION = 1;
				DEVELOPMENT_TEAM = 3J9U64265Y;
				GENERATE_INFOPLIST_FILE = YES;
				MARKETING_VERSION = 1.0;
				PRODUCT_BUNDLE_IDENTIFIER = dev.alexcode.allVoicesUITests;
				PRODUCT_NAME = "$(TARGET_NAME)";
				SWIFT_EMIT_LOC_STRINGS = NO;
				SWIFT_VERSION = 5.0;
				TARGETED_DEVICE_FAMILY = "1,2";
				TEST_TARGET_NAME = allVoices;
			};
			name = Debug;
		};
		1FFD4E3728CA069E00D3D3C6 /* Release */ = {
			isa = XCBuildConfiguration;
			buildSettings = {
				ALWAYS_EMBED_SWIFT_STANDARD_LIBRARIES = YES;
				CODE_SIGN_STYLE = Automatic;
				CURRENT_PROJECT_VERSION = 1;
				DEVELOPMENT_TEAM = 3J9U64265Y;
				GENERATE_INFOPLIST_FILE = YES;
				MARKETING_VERSION = 1.0;
				PRODUCT_BUNDLE_IDENTIFIER = dev.alexcode.allVoicesUITests;
				PRODUCT_NAME = "$(TARGET_NAME)";
				SWIFT_EMIT_LOC_STRINGS = NO;
				SWIFT_VERSION = 5.0;
				TARGETED_DEVICE_FAMILY = "1,2";
				TEST_TARGET_NAME = allVoices;
			};
			name = Release;
		};
/* End XCBuildConfiguration section */

/* Begin XCConfigurationList section */
		1FFD4E0128CA069D00D3D3C6 /* Build configuration list for PBXProject "allVoices" */ = {
			isa = XCConfigurationList;
			buildConfigurations = (
				1FFD4E2D28CA069E00D3D3C6 /* Debug */,
				1FFD4E2E28CA069E00D3D3C6 /* Release */,
			);
			defaultConfigurationIsVisible = 0;
			defaultConfigurationName = Release;
		};
		1FFD4E2F28CA069E00D3D3C6 /* Build configuration list for PBXNativeTarget "allVoices" */ = {
			isa = XCConfigurationList;
			buildConfigurations = (
				1FFD4E3028CA069E00D3D3C6 /* Debug */,
				1FFD4E3128CA069E00D3D3C6 /* Release */,
			);
			defaultConfigurationIsVisible = 0;
			defaultConfigurationName = Release;
		};
		1FFD4E3228CA069E00D3D3C6 /* Build configuration list for PBXNativeTarget "allVoicesTests" */ = {
			isa = XCConfigurationList;
			buildConfigurations = (
				1FFD4E3328CA069E00D3D3C6 /* Debug */,
				1FFD4E3428CA069E00D3D3C6 /* Release */,
			);
			defaultConfigurationIsVisible = 0;
			defaultConfigurationName = Release;
		};
		1FFD4E3528CA069E00D3D3C6 /* Build configuration list for PBXNativeTarget "allVoicesUITests" */ = {
			isa = XCConfigurationList;
			buildConfigurations = (
				1FFD4E3628CA069E00D3D3C6 /* Debug */,
				1FFD4E3728CA069E00D3D3C6 /* Release */,
			);
			defaultConfigurationIsVisible = 0;
			defaultConfigurationName = Release;
		};
/* End XCConfigurationList section */

/* Begin XCVersionGroup section */
		1FFD4E1428CA069E00D3D3C6 /* allVoices.xcdatamodeld */ = {
			isa = XCVersionGroup;
			children = (
				1FFD4E1528CA069E00D3D3C6 /* allVoices.xcdatamodel */,
			);
			currentVersion = 1FFD4E1528CA069E00D3D3C6 /* allVoices.xcdatamodel */;
			path = allVoices.xcdatamodeld;
			sourceTree = "<group>";
			versionGroupType = wrapper.xcdatamodel;
		};
/* End XCVersionGroup section */
	};
	rootObject = 1FFD4DFE28CA069D00D3D3C6 /* Project object */;
}
